// !$*UTF8*$!
{
	archiveVersion = 1;
	classes = {
	};
	objectVersion = 48;
	objects = {

/* Begin PBXBuildFile section */
		0293B9B47C138DE4E0835F9C /* Pods_ShopperTests.framework in Frameworks */ = {isa = PBXBuildFile; fileRef = 2400DC5CFA4AF3AD701D6D6C /* Pods_ShopperTests.framework */; };
		9CFD9B72AC2F5760E38BDF4E /* Pods_Shopper.framework in Frameworks */ = {isa = PBXBuildFile; fileRef = 44E394CF3F657F1D96F75229 /* Pods_Shopper.framework */; };
		9D4CBE9348ABF86288F5107B /* Pods_ShopperUITests.framework in Frameworks */ = {isa = PBXBuildFile; fileRef = 584A43F61A7E7751E01EEF56 /* Pods_ShopperUITests.framework */; };
		BF06EB481F7DC0E5001E96E5 /* GoogleService-Info.plist in Resources */ = {isa = PBXBuildFile; fileRef = BF06EB471F7DC0E5001E96E5 /* GoogleService-Info.plist */; };
		BF06EB4A1F7DDBC6001E96E5 /* NotificationViewController.swift in Sources */ = {isa = PBXBuildFile; fileRef = BF06EB491F7DDBC6001E96E5 /* NotificationViewController.swift */; };
		BF48EB3D1F7D7E6F0013E68C /* AppDelegate.swift in Sources */ = {isa = PBXBuildFile; fileRef = BF48EB3C1F7D7E6F0013E68C /* AppDelegate.swift */; };
		BF48EB3F1F7D7E6F0013E68C /* ViewController.swift in Sources */ = {isa = PBXBuildFile; fileRef = BF48EB3E1F7D7E6F0013E68C /* ViewController.swift */; };
		BF48EB421F7D7E6F0013E68C /* Main.storyboard in Resources */ = {isa = PBXBuildFile; fileRef = BF48EB401F7D7E6F0013E68C /* Main.storyboard */; };
		BF48EB441F7D7E6F0013E68C /* Assets.xcassets in Resources */ = {isa = PBXBuildFile; fileRef = BF48EB431F7D7E6F0013E68C /* Assets.xcassets */; };
		BF48EB471F7D7E6F0013E68C /* LaunchScreen.storyboard in Resources */ = {isa = PBXBuildFile; fileRef = BF48EB451F7D7E6F0013E68C /* LaunchScreen.storyboard */; };
		BF48EB521F7D7E6F0013E68C /* ShopperTests.swift in Sources */ = {isa = PBXBuildFile; fileRef = BF48EB511F7D7E6F0013E68C /* ShopperTests.swift */; };
		BF48EB5D1F7D7E6F0013E68C /* ShopperUITests.swift in Sources */ = {isa = PBXBuildFile; fileRef = BF48EB5C1F7D7E6F0013E68C /* ShopperUITests.swift */; };
		BF48EB6B1F7D82B20013E68C /* ProdutosViewController.swift in Sources */ = {isa = PBXBuildFile; fileRef = BF48EB6A1F7D82B20013E68C /* ProdutosViewController.swift */; };
		BF48EB751F7D9A6F0013E68C /* ProductTableViewCell.swift in Sources */ = {isa = PBXBuildFile; fileRef = BF48EB731F7D9A6F0013E68C /* ProductTableViewCell.swift */; };
		BF48EB761F7D9A6F0013E68C /* ProductTableViewCell.xib in Resources */ = {isa = PBXBuildFile; fileRef = BF48EB741F7D9A6F0013E68C /* ProductTableViewCell.xib */; };
/* End PBXBuildFile section */

/* Begin PBXContainerItemProxy section */
		BF48EB4E1F7D7E6F0013E68C /* PBXContainerItemProxy */ = {
			isa = PBXContainerItemProxy;
			containerPortal = BF48EB311F7D7E6F0013E68C /* Project object */;
			proxyType = 1;
			remoteGlobalIDString = BF48EB381F7D7E6F0013E68C;
			remoteInfo = Shopper;
		};
		BF48EB591F7D7E6F0013E68C /* PBXContainerItemProxy */ = {
			isa = PBXContainerItemProxy;
			containerPortal = BF48EB311F7D7E6F0013E68C /* Project object */;
			proxyType = 1;
			remoteGlobalIDString = BF48EB381F7D7E6F0013E68C;
			remoteInfo = Shopper;
		};
/* End PBXContainerItemProxy section */

/* Begin PBXFileReference section */
		2400DC5CFA4AF3AD701D6D6C /* Pods_ShopperTests.framework */ = {isa = PBXFileReference; explicitFileType = wrapper.framework; includeInIndex = 0; path = Pods_ShopperTests.framework; sourceTree = BUILT_PRODUCTS_DIR; };
		44E394CF3F657F1D96F75229 /* Pods_Shopper.framework */ = {isa = PBXFileReference; explicitFileType = wrapper.framework; includeInIndex = 0; path = Pods_Shopper.framework; sourceTree = BUILT_PRODUCTS_DIR; };
		57BC69FAC295FDE169D86706 /* Pods-ShopperTests.release.xcconfig */ = {isa = PBXFileReference; includeInIndex = 1; lastKnownFileType = text.xcconfig; name = "Pods-ShopperTests.release.xcconfig"; path = "Pods/Target Support Files/Pods-ShopperTests/Pods-ShopperTests.release.xcconfig"; sourceTree = "<group>"; };
		584A43F61A7E7751E01EEF56 /* Pods_ShopperUITests.framework */ = {isa = PBXFileReference; explicitFileType = wrapper.framework; includeInIndex = 0; path = Pods_ShopperUITests.framework; sourceTree = BUILT_PRODUCTS_DIR; };
		7A70EFC659BA8A083AA8FD71 /* Pods-ShopperTests.debug.xcconfig */ = {isa = PBXFileReference; includeInIndex = 1; lastKnownFileType = text.xcconfig; name = "Pods-ShopperTests.debug.xcconfig"; path = "Pods/Target Support Files/Pods-ShopperTests/Pods-ShopperTests.debug.xcconfig"; sourceTree = "<group>"; };
		9C2A70A8020C9759B4C95FC9 /* Pods-ShopperUITests.release.xcconfig */ = {isa = PBXFileReference; includeInIndex = 1; lastKnownFileType = text.xcconfig; name = "Pods-ShopperUITests.release.xcconfig"; path = "Pods/Target Support Files/Pods-ShopperUITests/Pods-ShopperUITests.release.xcconfig"; sourceTree = "<group>"; };
		BF06EB471F7DC0E5001E96E5 /* GoogleService-Info.plist */ = {isa = PBXFileReference; fileEncoding = 4; lastKnownFileType = text.plist.xml; path = "GoogleService-Info.plist"; sourceTree = "<group>"; };
		BF06EB491F7DDBC6001E96E5 /* NotificationViewController.swift */ = {isa = PBXFileReference; lastKnownFileType = sourcecode.swift; path = NotificationViewController.swift; sourceTree = "<group>"; };
		BF48EB391F7D7E6F0013E68C /* Shopper.app */ = {isa = PBXFileReference; explicitFileType = wrapper.application; includeInIndex = 0; path = Shopper.app; sourceTree = BUILT_PRODUCTS_DIR; };
		BF48EB3C1F7D7E6F0013E68C /* AppDelegate.swift */ = {isa = PBXFileReference; lastKnownFileType = sourcecode.swift; path = AppDelegate.swift; sourceTree = "<group>"; };
		BF48EB3E1F7D7E6F0013E68C /* ViewController.swift */ = {isa = PBXFileReference; lastKnownFileType = sourcecode.swift; path = ViewController.swift; sourceTree = "<group>"; };
		BF48EB411F7D7E6F0013E68C /* Base */ = {isa = PBXFileReference; lastKnownFileType = file.storyboard; name = Base; path = Base.lproj/Main.storyboard; sourceTree = "<group>"; };
		BF48EB431F7D7E6F0013E68C /* Assets.xcassets */ = {isa = PBXFileReference; lastKnownFileType = folder.assetcatalog; path = Assets.xcassets; sourceTree = "<group>"; };
		BF48EB461F7D7E6F0013E68C /* Base */ = {isa = PBXFileReference; lastKnownFileType = file.storyboard; name = Base; path = Base.lproj/LaunchScreen.storyboard; sourceTree = "<group>"; };
		BF48EB481F7D7E6F0013E68C /* Info.plist */ = {isa = PBXFileReference; lastKnownFileType = text.plist.xml; path = Info.plist; sourceTree = "<group>"; };
		BF48EB4D1F7D7E6F0013E68C /* ShopperTests.xctest */ = {isa = PBXFileReference; explicitFileType = wrapper.cfbundle; includeInIndex = 0; path = ShopperTests.xctest; sourceTree = BUILT_PRODUCTS_DIR; };
		BF48EB511F7D7E6F0013E68C /* ShopperTests.swift */ = {isa = PBXFileReference; lastKnownFileType = sourcecode.swift; path = ShopperTests.swift; sourceTree = "<group>"; };
		BF48EB531F7D7E6F0013E68C /* Info.plist */ = {isa = PBXFileReference; lastKnownFileType = text.plist.xml; path = Info.plist; sourceTree = "<group>"; };
		BF48EB581F7D7E6F0013E68C /* ShopperUITests.xctest */ = {isa = PBXFileReference; explicitFileType = wrapper.cfbundle; includeInIndex = 0; path = ShopperUITests.xctest; sourceTree = BUILT_PRODUCTS_DIR; };
		BF48EB5C1F7D7E6F0013E68C /* ShopperUITests.swift */ = {isa = PBXFileReference; lastKnownFileType = sourcecode.swift; path = ShopperUITests.swift; sourceTree = "<group>"; };
		BF48EB5E1F7D7E6F0013E68C /* Info.plist */ = {isa = PBXFileReference; lastKnownFileType = text.plist.xml; path = Info.plist; sourceTree = "<group>"; };
		BF48EB6A1F7D82B20013E68C /* ProdutosViewController.swift */ = {isa = PBXFileReference; lastKnownFileType = sourcecode.swift; path = ProdutosViewController.swift; sourceTree = "<group>"; };
		BF48EB731F7D9A6F0013E68C /* ProductTableViewCell.swift */ = {isa = PBXFileReference; lastKnownFileType = sourcecode.swift; path = ProductTableViewCell.swift; sourceTree = "<group>"; };
		BF48EB741F7D9A6F0013E68C /* ProductTableViewCell.xib */ = {isa = PBXFileReference; lastKnownFileType = file.xib; path = ProductTableViewCell.xib; sourceTree = "<group>"; };
		D20BDDBF1EBEE4CDF7B218BA /* Pods-Shopper.release.xcconfig */ = {isa = PBXFileReference; includeInIndex = 1; lastKnownFileType = text.xcconfig; name = "Pods-Shopper.release.xcconfig"; path = "Pods/Target Support Files/Pods-Shopper/Pods-Shopper.release.xcconfig"; sourceTree = "<group>"; };
		E5BBB9C73930C9A681AE3C77 /* Pods-ShopperUITests.debug.xcconfig */ = {isa = PBXFileReference; includeInIndex = 1; lastKnownFileType = text.xcconfig; name = "Pods-ShopperUITests.debug.xcconfig"; path = "Pods/Target Support Files/Pods-ShopperUITests/Pods-ShopperUITests.debug.xcconfig"; sourceTree = "<group>"; };
		EA8D59410CB94705A490B18B /* Pods-Shopper.debug.xcconfig */ = {isa = PBXFileReference; includeInIndex = 1; lastKnownFileType = text.xcconfig; name = "Pods-Shopper.debug.xcconfig"; path = "Pods/Target Support Files/Pods-Shopper/Pods-Shopper.debug.xcconfig"; sourceTree = "<group>"; };
/* End PBXFileReference section */

/* Begin PBXFrameworksBuildPhase section */
		BF48EB361F7D7E6F0013E68C /* Frameworks */ = {
			isa = PBXFrameworksBuildPhase;
			buildActionMask = 2147483647;
			files = (
				9CFD9B72AC2F5760E38BDF4E /* Pods_Shopper.framework in Frameworks */,
			);
			runOnlyForDeploymentPostprocessing = 0;
		};
		BF48EB4A1F7D7E6F0013E68C /* Frameworks */ = {
			isa = PBXFrameworksBuildPhase;
			buildActionMask = 2147483647;
			files = (
				0293B9B47C138DE4E0835F9C /* Pods_ShopperTests.framework in Frameworks */,
			);
			runOnlyForDeploymentPostprocessing = 0;
		};
		BF48EB551F7D7E6F0013E68C /* Frameworks */ = {
			isa = PBXFrameworksBuildPhase;
			buildActionMask = 2147483647;
			files = (
				9D4CBE9348ABF86288F5107B /* Pods_ShopperUITests.framework in Frameworks */,
			);
			runOnlyForDeploymentPostprocessing = 0;
		};
/* End PBXFrameworksBuildPhase section */

/* Begin PBXGroup section */
		693193EA6B30FFB741D1C493 /* Frameworks */ = {
			isa = PBXGroup;
			children = (
				44E394CF3F657F1D96F75229 /* Pods_Shopper.framework */,
				2400DC5CFA4AF3AD701D6D6C /* Pods_ShopperTests.framework */,
				584A43F61A7E7751E01EEF56 /* Pods_ShopperUITests.framework */,
			);
			name = Frameworks;
			sourceTree = "<group>";
		};
		BF48EB301F7D7E6F0013E68C = {
			isa = PBXGroup;
			children = (
				BF48EB3B1F7D7E6F0013E68C /* Shopper */,
				BF48EB501F7D7E6F0013E68C /* ShopperTests */,
				BF48EB5B1F7D7E6F0013E68C /* ShopperUITests */,
				BF48EB3A1F7D7E6F0013E68C /* Products */,
				DB3BBE00C752EEB863B6BDAC /* Pods */,
				693193EA6B30FFB741D1C493 /* Frameworks */,
			);
			sourceTree = "<group>";
		};
		BF48EB3A1F7D7E6F0013E68C /* Products */ = {
			isa = PBXGroup;
			children = (
				BF48EB391F7D7E6F0013E68C /* Shopper.app */,
				BF48EB4D1F7D7E6F0013E68C /* ShopperTests.xctest */,
				BF48EB581F7D7E6F0013E68C /* ShopperUITests.xctest */,
			);
			name = Products;
			sourceTree = "<group>";
		};
		BF48EB3B1F7D7E6F0013E68C /* Shopper */ = {
			isa = PBXGroup;
			children = (
				BF06EB471F7DC0E5001E96E5 /* GoogleService-Info.plist */,
				BF48EB3C1F7D7E6F0013E68C /* AppDelegate.swift */,
				BF48EB3E1F7D7E6F0013E68C /* ViewController.swift */,
				BF48EB401F7D7E6F0013E68C /* Main.storyboard */,
				BF48EB6A1F7D82B20013E68C /* ProdutosViewController.swift */,
				BF06EB491F7DDBC6001E96E5 /* NotificationViewController.swift */,
				BF48EB6E1F7D93FC0013E68C /* Cells */,
				BF48EB431F7D7E6F0013E68C /* Assets.xcassets */,
				BF48EB451F7D7E6F0013E68C /* LaunchScreen.storyboard */,
				BF48EB481F7D7E6F0013E68C /* Info.plist */,
			);
			path = Shopper;
			sourceTree = "<group>";
		};
		BF48EB501F7D7E6F0013E68C /* ShopperTests */ = {
			isa = PBXGroup;
			children = (
				BF48EB511F7D7E6F0013E68C /* ShopperTests.swift */,
				BF48EB531F7D7E6F0013E68C /* Info.plist */,
			);
			path = ShopperTests;
			sourceTree = "<group>";
		};
		BF48EB5B1F7D7E6F0013E68C /* ShopperUITests */ = {
			isa = PBXGroup;
			children = (
				BF48EB5C1F7D7E6F0013E68C /* ShopperUITests.swift */,
				BF48EB5E1F7D7E6F0013E68C /* Info.plist */,
			);
			path = ShopperUITests;
			sourceTree = "<group>";
		};
		BF48EB6E1F7D93FC0013E68C /* Cells */ = {
			isa = PBXGroup;
			children = (
				BF48EB731F7D9A6F0013E68C /* ProductTableViewCell.swift */,
				BF48EB741F7D9A6F0013E68C /* ProductTableViewCell.xib */,
			);
			path = Cells;
			sourceTree = "<group>";
		};
		DB3BBE00C752EEB863B6BDAC /* Pods */ = {
			isa = PBXGroup;
			children = (
				EA8D59410CB94705A490B18B /* Pods-Shopper.debug.xcconfig */,
				D20BDDBF1EBEE4CDF7B218BA /* Pods-Shopper.release.xcconfig */,
				7A70EFC659BA8A083AA8FD71 /* Pods-ShopperTests.debug.xcconfig */,
				57BC69FAC295FDE169D86706 /* Pods-ShopperTests.release.xcconfig */,
				E5BBB9C73930C9A681AE3C77 /* Pods-ShopperUITests.debug.xcconfig */,
				9C2A70A8020C9759B4C95FC9 /* Pods-ShopperUITests.release.xcconfig */,
			);
			name = Pods;
			sourceTree = "<group>";
		};
/* End PBXGroup section */

/* Begin PBXNativeTarget section */
		BF48EB381F7D7E6F0013E68C /* Shopper */ = {
			isa = PBXNativeTarget;
			buildConfigurationList = BF48EB611F7D7E6F0013E68C /* Build configuration list for PBXNativeTarget "Shopper" */;
			buildPhases = (
				D363F7FB343434E565967893 /* 📦 Check Pods Manifest.lock */,
				BF48EB351F7D7E6F0013E68C /* Sources */,
				BF48EB361F7D7E6F0013E68C /* Frameworks */,
				BF48EB371F7D7E6F0013E68C /* Resources */,
				6E3688803AD5ED03A6771635 /* 📦 Embed Pods Frameworks */,
				69990C5D14E50D4E6154C258 /* 📦 Copy Pods Resources */,
			);
			buildRules = (
			);
			dependencies = (
			);
			name = Shopper;
			productName = Shopper;
			productReference = BF48EB391F7D7E6F0013E68C /* Shopper.app */;
			productType = "com.apple.product-type.application";
		};
		BF48EB4C1F7D7E6F0013E68C /* ShopperTests */ = {
			isa = PBXNativeTarget;
			buildConfigurationList = BF48EB641F7D7E6F0013E68C /* Build configuration list for PBXNativeTarget "ShopperTests" */;
			buildPhases = (
				B9366E2D12ECDD4D8A62A872 /* 📦 Check Pods Manifest.lock */,
				BF48EB491F7D7E6F0013E68C /* Sources */,
				BF48EB4A1F7D7E6F0013E68C /* Frameworks */,
				BF48EB4B1F7D7E6F0013E68C /* Resources */,
				48D6BD6AB643568D267A94E4 /* 📦 Embed Pods Frameworks */,
				F547AB4351B1F970E0144D8F /* 📦 Copy Pods Resources */,
			);
			buildRules = (
			);
			dependencies = (
				BF48EB4F1F7D7E6F0013E68C /* PBXTargetDependency */,
			);
			name = ShopperTests;
			productName = ShopperTests;
			productReference = BF48EB4D1F7D7E6F0013E68C /* ShopperTests.xctest */;
			productType = "com.apple.product-type.bundle.unit-test";
		};
		BF48EB571F7D7E6F0013E68C /* ShopperUITests */ = {
			isa = PBXNativeTarget;
			buildConfigurationList = BF48EB671F7D7E6F0013E68C /* Build configuration list for PBXNativeTarget "ShopperUITests" */;
			buildPhases = (
				3504EA2323779F100DD8A4C3 /* 📦 Check Pods Manifest.lock */,
				BF48EB541F7D7E6F0013E68C /* Sources */,
				BF48EB551F7D7E6F0013E68C /* Frameworks */,
				BF48EB561F7D7E6F0013E68C /* Resources */,
				E794EA0A890A895D19FB1C5B /* 📦 Copy Pods Resources */,
			);
			buildRules = (
			);
			dependencies = (
				BF48EB5A1F7D7E6F0013E68C /* PBXTargetDependency */,
			);
			name = ShopperUITests;
			productName = ShopperUITests;
			productReference = BF48EB581F7D7E6F0013E68C /* ShopperUITests.xctest */;
			productType = "com.apple.product-type.bundle.ui-testing";
		};
/* End PBXNativeTarget section */

/* Begin PBXProject section */
		BF48EB311F7D7E6F0013E68C /* Project object */ = {
			isa = PBXProject;
			attributes = {
				LastSwiftUpdateCheck = 0900;
				LastUpgradeCheck = 0900;
				ORGANIZATIONNAME = "Daniel Teodoro";
				TargetAttributes = {
					BF48EB381F7D7E6F0013E68C = {
						CreatedOnToolsVersion = 9.0;
						ProvisioningStyle = Automatic;
					};
					BF48EB4C1F7D7E6F0013E68C = {
						CreatedOnToolsVersion = 9.0;
						ProvisioningStyle = Automatic;
						TestTargetID = BF48EB381F7D7E6F0013E68C;
					};
					BF48EB571F7D7E6F0013E68C = {
						CreatedOnToolsVersion = 9.0;
						ProvisioningStyle = Automatic;
						TestTargetID = BF48EB381F7D7E6F0013E68C;
					};
				};
			};
			buildConfigurationList = BF48EB341F7D7E6F0013E68C /* Build configuration list for PBXProject "Shopper" */;
			compatibilityVersion = "Xcode 8.0";
			developmentRegion = en;
			hasScannedForEncodings = 0;
			knownRegions = (
				en,
				Base,
			);
			mainGroup = BF48EB301F7D7E6F0013E68C;
			productRefGroup = BF48EB3A1F7D7E6F0013E68C /* Products */;
			projectDirPath = "";
			projectRoot = "";
			targets = (
				BF48EB381F7D7E6F0013E68C /* Shopper */,
				BF48EB4C1F7D7E6F0013E68C /* ShopperTests */,
				BF48EB571F7D7E6F0013E68C /* ShopperUITests */,
			);
		};
/* End PBXProject section */

/* Begin PBXResourcesBuildPhase section */
		BF48EB371F7D7E6F0013E68C /* Resources */ = {
			isa = PBXResourcesBuildPhase;
			buildActionMask = 2147483647;
			files = (
				BF48EB471F7D7E6F0013E68C /* LaunchScreen.storyboard in Resources */,
				BF48EB761F7D9A6F0013E68C /* ProductTableViewCell.xib in Resources */,
				BF06EB481F7DC0E5001E96E5 /* GoogleService-Info.plist in Resources */,
				BF48EB441F7D7E6F0013E68C /* Assets.xcassets in Resources */,
				BF48EB421F7D7E6F0013E68C /* Main.storyboard in Resources */,
			);
			runOnlyForDeploymentPostprocessing = 0;
		};
		BF48EB4B1F7D7E6F0013E68C /* Resources */ = {
			isa = PBXResourcesBuildPhase;
			buildActionMask = 2147483647;
			files = (
			);
			runOnlyForDeploymentPostprocessing = 0;
		};
		BF48EB561F7D7E6F0013E68C /* Resources */ = {
			isa = PBXResourcesBuildPhase;
			buildActionMask = 2147483647;
			files = (
			);
			runOnlyForDeploymentPostprocessing = 0;
		};
/* End PBXResourcesBuildPhase section */

/* Begin PBXShellScriptBuildPhase section */
		3504EA2323779F100DD8A4C3 /* 📦 Check Pods Manifest.lock */ = {
			isa = PBXShellScriptBuildPhase;
			buildActionMask = 2147483647;
			files = (
			);
			inputPaths = (
			);
			name = "📦 Check Pods Manifest.lock";
			outputPaths = (
			);
			runOnlyForDeploymentPostprocessing = 0;
			shellPath = /bin/sh;
			shellScript = "diff \"${PODS_ROOT}/../Podfile.lock\" \"${PODS_ROOT}/Manifest.lock\" > /dev/null\nif [[ $? != 0 ]] ; then\n    cat << EOM\nerror: The sandbox is not in sync with the Podfile.lock. Run 'pod install' or update your CocoaPods installation.\nEOM\n    exit 1\nfi\n";
			showEnvVarsInLog = 0;
		};
		48D6BD6AB643568D267A94E4 /* 📦 Embed Pods Frameworks */ = {
			isa = PBXShellScriptBuildPhase;
			buildActionMask = 2147483647;
			files = (
			);
			inputPaths = (
			);
			name = "📦 Embed Pods Frameworks";
			outputPaths = (
			);
			runOnlyForDeploymentPostprocessing = 0;
			shellPath = /bin/sh;
			shellScript = "\"${SRCROOT}/Pods/Target Support Files/Pods-ShopperTests/Pods-ShopperTests-frameworks.sh\"\n";
			showEnvVarsInLog = 0;
		};
		69990C5D14E50D4E6154C258 /* 📦 Copy Pods Resources */ = {
			isa = PBXShellScriptBuildPhase;
			buildActionMask = 2147483647;
			files = (
			);
			inputPaths = (
			);
			name = "📦 Copy Pods Resources";
			outputPaths = (
			);
			runOnlyForDeploymentPostprocessing = 0;
			shellPath = /bin/sh;
			shellScript = "\"${SRCROOT}/Pods/Target Support Files/Pods-Shopper/Pods-Shopper-resources.sh\"\n";
			showEnvVarsInLog = 0;
		};
		6E3688803AD5ED03A6771635 /* 📦 Embed Pods Frameworks */ = {
			isa = PBXShellScriptBuildPhase;
			buildActionMask = 2147483647;
			files = (
			);
			inputPaths = (
			);
			name = "📦 Embed Pods Frameworks";
			outputPaths = (
			);
			runOnlyForDeploymentPostprocessing = 0;
			shellPath = /bin/sh;
			shellScript = "\"${SRCROOT}/Pods/Target Support Files/Pods-Shopper/Pods-Shopper-frameworks.sh\"\n";
			showEnvVarsInLog = 0;
		};
		B9366E2D12ECDD4D8A62A872 /* 📦 Check Pods Manifest.lock */ = {
			isa = PBXShellScriptBuildPhase;
			buildActionMask = 2147483647;
			files = (
			);
			inputPaths = (
			);
			name = "📦 Check Pods Manifest.lock";
			outputPaths = (
			);
			runOnlyForDeploymentPostprocessing = 0;
			shellPath = /bin/sh;
			shellScript = "diff \"${PODS_ROOT}/../Podfile.lock\" \"${PODS_ROOT}/Manifest.lock\" > /dev/null\nif [[ $? != 0 ]] ; then\n    cat << EOM\nerror: The sandbox is not in sync with the Podfile.lock. Run 'pod install' or update your CocoaPods installation.\nEOM\n    exit 1\nfi\n";
			showEnvVarsInLog = 0;
		};
		D363F7FB343434E565967893 /* 📦 Check Pods Manifest.lock */ = {
			isa = PBXShellScriptBuildPhase;
			buildActionMask = 2147483647;
			files = (
			);
			inputPaths = (
			);
			name = "📦 Check Pods Manifest.lock";
			outputPaths = (
			);
			runOnlyForDeploymentPostprocessing = 0;
			shellPath = /bin/sh;
			shellScript = "diff \"${PODS_ROOT}/../Podfile.lock\" \"${PODS_ROOT}/Manifest.lock\" > /dev/null\nif [[ $? != 0 ]] ; then\n    cat << EOM\nerror: The sandbox is not in sync with the Podfile.lock. Run 'pod install' or update your CocoaPods installation.\nEOM\n    exit 1\nfi\n";
			showEnvVarsInLog = 0;
		};
		E794EA0A890A895D19FB1C5B /* 📦 Copy Pods Resources */ = {
			isa = PBXShellScriptBuildPhase;
			buildActionMask = 2147483647;
			files = (
			);
			inputPaths = (
			);
			name = "📦 Copy Pods Resources";
			outputPaths = (
			);
			runOnlyForDeploymentPostprocessing = 0;
			shellPath = /bin/sh;
			shellScript = "\"${SRCROOT}/Pods/Target Support Files/Pods-ShopperUITests/Pods-ShopperUITests-resources.sh\"\n";
			showEnvVarsInLog = 0;
		};
		F547AB4351B1F970E0144D8F /* 📦 Copy Pods Resources */ = {
			isa = PBXShellScriptBuildPhase;
			buildActionMask = 2147483647;
			files = (
			);
			inputPaths = (
			);
			name = "📦 Copy Pods Resources";
			outputPaths = (
			);
			runOnlyForDeploymentPostprocessing = 0;
			shellPath = /bin/sh;
			shellScript = "\"${SRCROOT}/Pods/Target Support Files/Pods-ShopperTests/Pods-ShopperTests-resources.sh\"\n";
			showEnvVarsInLog = 0;
		};
/* End PBXShellScriptBuildPhase section */

/* Begin PBXSourcesBuildPhase section */
		BF48EB351F7D7E6F0013E68C /* Sources */ = {
			isa = PBXSourcesBuildPhase;
			buildActionMask = 2147483647;
			files = (
				BF48EB3F1F7D7E6F0013E68C /* ViewController.swift in Sources */,
				BF06EB4A1F7DDBC6001E96E5 /* NotificationViewController.swift in Sources */,
				BF48EB751F7D9A6F0013E68C /* ProductTableViewCell.swift in Sources */,
				BF48EB3D1F7D7E6F0013E68C /* AppDelegate.swift in Sources */,
				BF48EB6B1F7D82B20013E68C /* ProdutosViewController.swift in Sources */,
			);
			runOnlyForDeploymentPostprocessing = 0;
		};
		BF48EB491F7D7E6F0013E68C /* Sources */ = {
			isa = PBXSourcesBuildPhase;
			buildActionMask = 2147483647;
			files = (
				BF48EB521F7D7E6F0013E68C /* ShopperTests.swift in Sources */,
			);
			runOnlyForDeploymentPostprocessing = 0;
		};
		BF48EB541F7D7E6F0013E68C /* Sources */ = {
			isa = PBXSourcesBuildPhase;
			buildActionMask = 2147483647;
			files = (
				BF48EB5D1F7D7E6F0013E68C /* ShopperUITests.swift in Sources */,
			);
			runOnlyForDeploymentPostprocessing = 0;
		};
/* End PBXSourcesBuildPhase section */

/* Begin PBXTargetDependency section */
		BF48EB4F1F7D7E6F0013E68C /* PBXTargetDependency */ = {
			isa = PBXTargetDependency;
			target = BF48EB381F7D7E6F0013E68C /* Shopper */;
			targetProxy = BF48EB4E1F7D7E6F0013E68C /* PBXContainerItemProxy */;
		};
		BF48EB5A1F7D7E6F0013E68C /* PBXTargetDependency */ = {
			isa = PBXTargetDependency;
			target = BF48EB381F7D7E6F0013E68C /* Shopper */;
			targetProxy = BF48EB591F7D7E6F0013E68C /* PBXContainerItemProxy */;
		};
/* End PBXTargetDependency section */

/* Begin PBXVariantGroup section */
		BF48EB401F7D7E6F0013E68C /* Main.storyboard */ = {
			isa = PBXVariantGroup;
			children = (
				BF48EB411F7D7E6F0013E68C /* Base */,
			);
			name = Main.storyboard;
			sourceTree = "<group>";
		};
		BF48EB451F7D7E6F0013E68C /* LaunchScreen.storyboard */ = {
			isa = PBXVariantGroup;
			children = (
				BF48EB461F7D7E6F0013E68C /* Base */,
			);
			name = LaunchScreen.storyboard;
			sourceTree = "<group>";
		};
/* End PBXVariantGroup section */

/* Begin XCBuildConfiguration section */
		BF48EB5F1F7D7E6F0013E68C /* Debug */ = {
			isa = XCBuildConfiguration;
			buildSettings = {
				ALWAYS_SEARCH_USER_PATHS = NO;
				CLANG_ANALYZER_NONNULL = YES;
				CLANG_ANALYZER_NUMBER_OBJECT_CONVERSION = YES_AGGRESSIVE;
				CLANG_CXX_LANGUAGE_STANDARD = "gnu++14";
				CLANG_CXX_LIBRARY = "libc++";
				CLANG_ENABLE_MODULES = YES;
				CLANG_ENABLE_OBJC_ARC = YES;
				CLANG_WARN_BLOCK_CAPTURE_AUTORELEASING = YES;
				CLANG_WARN_BOOL_CONVERSION = YES;
				CLANG_WARN_COMMA = YES;
				CLANG_WARN_CONSTANT_CONVERSION = YES;
				CLANG_WARN_DIRECT_OBJC_ISA_USAGE = YES_ERROR;
				CLANG_WARN_DOCUMENTATION_COMMENTS = YES;
				CLANG_WARN_EMPTY_BODY = YES;
				CLANG_WARN_ENUM_CONVERSION = YES;
				CLANG_WARN_INFINITE_RECURSION = YES;
				CLANG_WARN_INT_CONVERSION = YES;
				CLANG_WARN_NON_LITERAL_NULL_CONVERSION = YES;
				CLANG_WARN_OBJC_LITERAL_CONVERSION = YES;
				CLANG_WARN_OBJC_ROOT_CLASS = YES_ERROR;
				CLANG_WARN_RANGE_LOOP_ANALYSIS = YES;
				CLANG_WARN_STRICT_PROTOTYPES = YES;
				CLANG_WARN_SUSPICIOUS_MOVE = YES;
				CLANG_WARN_UNGUARDED_AVAILABILITY = YES_AGGRESSIVE;
				CLANG_WARN_UNREACHABLE_CODE = YES;
				CLANG_WARN__DUPLICATE_METHOD_MATCH = YES;
				CODE_SIGN_IDENTITY = "iPhone Developer";
				COPY_PHASE_STRIP = NO;
				DEBUG_INFORMATION_FORMAT = dwarf;
				ENABLE_STRICT_OBJC_MSGSEND = YES;
				ENABLE_TESTABILITY = YES;
				GCC_C_LANGUAGE_STANDARD = gnu11;
				GCC_DYNAMIC_NO_PIC = NO;
				GCC_NO_COMMON_BLOCKS = YES;
				GCC_OPTIMIZATION_LEVEL = 0;
				GCC_PREPROCESSOR_DEFINITIONS = (
					"DEBUG=1",
					"$(inherited)",
				);
				GCC_WARN_64_TO_32_BIT_CONVERSION = YES;
				GCC_WARN_ABOUT_RETURN_TYPE = YES_ERROR;
				GCC_WARN_UNDECLARED_SELECTOR = YES;
				GCC_WARN_UNINITIALIZED_AUTOS = YES_AGGRESSIVE;
				GCC_WARN_UNUSED_FUNCTION = YES;
				GCC_WARN_UNUSED_VARIABLE = YES;
				IPHONEOS_DEPLOYMENT_TARGET = 11.0;
				MTL_ENABLE_DEBUG_INFO = YES;
				ONLY_ACTIVE_ARCH = YES;
				SDKROOT = iphoneos;
				SWIFT_ACTIVE_COMPILATION_CONDITIONS = DEBUG;
				SWIFT_OPTIMIZATION_LEVEL = "-Onone";
			};
			name = Debug;
		};
		BF48EB601F7D7E6F0013E68C /* Release */ = {
			isa = XCBuildConfiguration;
			buildSettings = {
				ALWAYS_SEARCH_USER_PATHS = NO;
				CLANG_ANALYZER_NONNULL = YES;
				CLANG_ANALYZER_NUMBER_OBJECT_CONVERSION = YES_AGGRESSIVE;
				CLANG_CXX_LANGUAGE_STANDARD = "gnu++14";
				CLANG_CXX_LIBRARY = "libc++";
				CLANG_ENABLE_MODULES = YES;
				CLANG_ENABLE_OBJC_ARC = YES;
				CLANG_WARN_BLOCK_CAPTURE_AUTORELEASING = YES;
				CLANG_WARN_BOOL_CONVERSION = YES;
				CLANG_WARN_COMMA = YES;
				CLANG_WARN_CONSTANT_CONVERSION = YES;
				CLANG_WARN_DIRECT_OBJC_ISA_USAGE = YES_ERROR;
				CLANG_WARN_DOCUMENTATION_COMMENTS = YES;
				CLANG_WARN_EMPTY_BODY = YES;
				CLANG_WARN_ENUM_CONVERSION = YES;
				CLANG_WARN_INFINITE_RECURSION = YES;
				CLANG_WARN_INT_CONVERSION = YES;
				CLANG_WARN_NON_LITERAL_NULL_CONVERSION = YES;
				CLANG_WARN_OBJC_LITERAL_CONVERSION = YES;
				CLANG_WARN_OBJC_ROOT_CLASS = YES_ERROR;
				CLANG_WARN_RANGE_LOOP_ANALYSIS = YES;
				CLANG_WARN_STRICT_PROTOTYPES = YES;
				CLANG_WARN_SUSPICIOUS_MOVE = YES;
				CLANG_WARN_UNGUARDED_AVAILABILITY = YES_AGGRESSIVE;
				CLANG_WARN_UNREACHABLE_CODE = YES;
				CLANG_WARN__DUPLICATE_METHOD_MATCH = YES;
				CODE_SIGN_IDENTITY = "iPhone Developer";
				COPY_PHASE_STRIP = NO;
				DEBUG_INFORMATION_FORMAT = "dwarf-with-dsym";
				ENABLE_NS_ASSERTIONS = NO;
				ENABLE_STRICT_OBJC_MSGSEND = YES;
				GCC_C_LANGUAGE_STANDARD = gnu11;
				GCC_NO_COMMON_BLOCKS = YES;
				GCC_WARN_64_TO_32_BIT_CONVERSION = YES;
				GCC_WARN_ABOUT_RETURN_TYPE = YES_ERROR;
				GCC_WARN_UNDECLARED_SELECTOR = YES;
				GCC_WARN_UNINITIALIZED_AUTOS = YES_AGGRESSIVE;
				GCC_WARN_UNUSED_FUNCTION = YES;
				GCC_WARN_UNUSED_VARIABLE = YES;
				IPHONEOS_DEPLOYMENT_TARGET = 11.0;
				MTL_ENABLE_DEBUG_INFO = NO;
				SDKROOT = iphoneos;
				SWIFT_OPTIMIZATION_LEVEL = "-Owholemodule";
				VALIDATE_PRODUCT = YES;
			};
			name = Release;
		};
		BF48EB621F7D7E6F0013E68C /* Debug */ = {
			isa = XCBuildConfiguration;
			baseConfigurationReference = EA8D59410CB94705A490B18B /* Pods-Shopper.debug.xcconfig */;
			buildSettings = {
				ASSETCATALOG_COMPILER_APPICON_NAME = AppIcon;
				CODE_SIGN_STYLE = Automatic;
				DEVELOPMENT_TEAM = 9RN254RQSB;
				INFOPLIST_FILE = Shopper/Info.plist;
				LD_RUNPATH_SEARCH_PATHS = "$(inherited) @executable_path/Frameworks";
				PRODUCT_BUNDLE_IDENTIFIER = DanielTeodoro.Shopper;
				PRODUCT_NAME = "$(TARGET_NAME)";
				SWIFT_VERSION = 4.0;
				TARGETED_DEVICE_FAMILY = "1,2";
			};
			name = Debug;
		};
		BF48EB631F7D7E6F0013E68C /* Release */ = {
			isa = XCBuildConfiguration;
			baseConfigurationReference = D20BDDBF1EBEE4CDF7B218BA /* Pods-Shopper.release.xcconfig */;
			buildSettings = {
				ASSETCATALOG_COMPILER_APPICON_NAME = AppIcon;
				CODE_SIGN_STYLE = Automatic;
				DEVELOPMENT_TEAM = 9RN254RQSB;
				INFOPLIST_FILE = Shopper/Info.plist;
				LD_RUNPATH_SEARCH_PATHS = "$(inherited) @executable_path/Frameworks";
				PRODUCT_BUNDLE_IDENTIFIER = DanielTeodoro.Shopper;
				PRODUCT_NAME = "$(TARGET_NAME)";
				SWIFT_VERSION = 4.0;
				TARGETED_DEVICE_FAMILY = "1,2";
			};
			name = Release;
		};
		BF48EB651F7D7E6F0013E68C /* Debug */ = {
			isa = XCBuildConfiguration;
			baseConfigurationReference = 7A70EFC659BA8A083AA8FD71 /* Pods-ShopperTests.debug.xcconfig */;
			buildSettings = {
				ALWAYS_EMBED_SWIFT_STANDARD_LIBRARIES = YES;
				BUNDLE_LOADER = "$(TEST_HOST)";
				CODE_SIGN_STYLE = Automatic;
				DEVELOPMENT_TEAM = 9RN254RQSB;
				INFOPLIST_FILE = ShopperTests/Info.plist;
				LD_RUNPATH_SEARCH_PATHS = "$(inherited) @executable_path/Frameworks @loader_path/Frameworks";
				PRODUCT_BUNDLE_IDENTIFIER = DanielTeodoro.ShopperTests;
				PRODUCT_NAME = "$(TARGET_NAME)";
				SWIFT_VERSION = 4.0;
				TARGETED_DEVICE_FAMILY = "1,2";
				TEST_HOST = "$(BUILT_PRODUCTS_DIR)/Shopper.app/Shopper";
			};
			name = Debug;
		};
		BF48EB661F7D7E6F0013E68C /* Release */ = {
			isa = XCBuildConfiguration;
			baseConfigurationReference = 57BC69FAC295FDE169D86706 /* Pods-ShopperTests.release.xcconfig */;
			buildSettings = {
				ALWAYS_EMBED_SWIFT_STANDARD_LIBRARIES = YES;
				BUNDLE_LOADER = "$(TEST_HOST)";
				CODE_SIGN_STYLE = Automatic;
				DEVELOPMENT_TEAM = 9RN254RQSB;
				INFOPLIST_FILE = ShopperTests/Info.plist;
				LD_RUNPATH_SEARCH_PATHS = "$(inherited) @executable_path/Frameworks @loader_path/Frameworks";
				PRODUCT_BUNDLE_IDENTIFIER = DanielTeodoro.ShopperTests;
				PRODUCT_NAME = "$(TARGET_NAME)";
				SWIFT_VERSION = 4.0;
				TARGETED_DEVICE_FAMILY = "1,2";
				TEST_HOST = "$(BUILT_PRODUCTS_DIR)/Shopper.app/Shopper";
			};
			name = Release;
		};
		BF48EB681F7D7E6F0013E68C /* Debug */ = {
			isa = XCBuildConfiguration;
			baseConfigurationReference = E5BBB9C73930C9A681AE3C77 /* Pods-ShopperUITests.debug.xcconfig */;
			buildSettings = {
				ALWAYS_EMBED_SWIFT_STANDARD_LIBRARIES = YES;
				CODE_SIGN_STYLE = Automatic;
				DEVELOPMENT_TEAM = 9RN254RQSB;
				INFOPLIST_FILE = ShopperUITests/Info.plist;
				LD_RUNPATH_SEARCH_PATHS = "$(inherited) @executable_path/Frameworks @loader_path/Frameworks";
				PRODUCT_BUNDLE_IDENTIFIER = DanielTeodoro.ShopperUITests;
				PRODUCT_NAME = "$(TARGET_NAME)";
				SWIFT_VERSION = 4.0;
				TARGETED_DEVICE_FAMILY = "1,2";
				TEST_TARGET_NAME = Shopper;
			};
			name = Debug;
		};
		BF48EB691F7D7E6F0013E68C /* Release */ = {
			isa = XCBuildConfiguration;
			baseConfigurationReference = 9C2A70A8020C9759B4C95FC9 /* Pods-ShopperUITests.release.xcconfig */;
			buildSettings = {
				ALWAYS_EMBED_SWIFT_STANDARD_LIBRARIES = YES;
				CODE_SIGN_STYLE = Automatic;
				DEVELOPMENT_TEAM = 9RN254RQSB;
				INFOPLIST_FILE = ShopperUITests/Info.plist;
				LD_RUNPATH_SEARCH_PATHS = "$(inherited) @executable_path/Frameworks @loader_path/Frameworks";
				PRODUCT_BUNDLE_IDENTIFIER = DanielTeodoro.ShopperUITests;
				PRODUCT_NAME = "$(TARGET_NAME)";
				SWIFT_VERSION = 4.0;
				TARGETED_DEVICE_FAMILY = "1,2";
				TEST_TARGET_NAME = Shopper;
			};
			name = Release;
		};
/* End XCBuildConfiguration section */

/* Begin XCConfigurationList section */
		BF48EB341F7D7E6F0013E68C /* Build configuration list for PBXProject "Shopper" */ = {
			isa = XCConfigurationList;
			buildConfigurations = (
				BF48EB5F1F7D7E6F0013E68C /* Debug */,
				BF48EB601F7D7E6F0013E68C /* Release */,
			);
			defaultConfigurationIsVisible = 0;
			defaultConfigurationName = Release;
		};
		BF48EB611F7D7E6F0013E68C /* Build configuration list for PBXNativeTarget "Shopper" */ = {
			isa = XCConfigurationList;
			buildConfigurations = (
				BF48EB621F7D7E6F0013E68C /* Debug */,
				BF48EB631F7D7E6F0013E68C /* Release */,
			);
			defaultConfigurationIsVisible = 0;
			defaultConfigurationName = Release;
		};
		BF48EB641F7D7E6F0013E68C /* Build configuration list for PBXNativeTarget "ShopperTests" */ = {
			isa = XCConfigurationList;
			buildConfigurations = (
				BF48EB651F7D7E6F0013E68C /* Debug */,
				BF48EB661F7D7E6F0013E68C /* Release */,
			);
			defaultConfigurationIsVisible = 0;
			defaultConfigurationName = Release;
		};
		BF48EB671F7D7E6F0013E68C /* Build configuration list for PBXNativeTarget "ShopperUITests" */ = {
			isa = XCConfigurationList;
			buildConfigurations = (
				BF48EB681F7D7E6F0013E68C /* Debug */,
				BF48EB691F7D7E6F0013E68C /* Release */,
			);
			defaultConfigurationIsVisible = 0;
			defaultConfigurationName = Release;
		};
/* End XCConfigurationList section */
	};
	rootObject = BF48EB311F7D7E6F0013E68C /* Project object */;
}
